
Microsoft Visual Studio Solution File, Format Version 12.00
Project("{FAE04EC0-301F-11D3-BF4B-00C04F79EFBC}") = "ArtsTech.Grpc.WebSocket", "ArtsTech.Grpc.WebSocket\ArtsTech.Grpc.WebSocket.csproj", "{3ADA326A-AE75-4DC2-893E-09BBD88A5BAE}"
EndProject
Global
	GlobalSection(SolutionConfigurationPlatforms) = preSolution
		Debug|Any CPU = Debug|Any CPU
		Release|Any CPU = Release|Any CPU
	EndGlobalSection
	GlobalSection(ProjectConfigurationPlatforms) = postSolution
		{3ADA326A-AE75-4DC2-893E-09BBD88A5BAE}.Debug|Any CPU.ActiveCfg = Debug|Any CPU
		{3ADA326A-AE75-4DC2-893E-09BBD88A5BAE}.Debug|Any CPU.Build.0 = Debug|Any CPU
		{3ADA326A-AE75-4DC2-893E-09BBD88A5BAE}.Release|Any CPU.ActiveCfg = Release|Any CPU
		{3ADA326A-AE75-4DC2-893E-09BBD88A5BAE}.Release|Any CPU.Build.0 = Release|Any CPU
	EndGlobalSection
EndGlobal
